
Microsoft Visual Studio Solution File, Format Version 12.00
# Visual Studio Version 17
VisualStudioVersion = 17.8.34511.84
MinimumVisualStudioVersion = 10.0.40219.1
Project("{FAE04EC0-301F-11D3-BF4B-00C04F79EFBC}") = "TDS.Server", "TDS.Server\TDS.Server.csproj", "{C1AE6B52-780C-47E1-9D1A-66FA9BB98A0B}"
EndProject
Project("{54A90642-561A-4BB1-A94E-469ADEE60C69}") = "tds.client", "tds.client\tds.client.esproj", "{D387C50D-1B36-4EEB-A6F3-4ECAFD105FB7}"
EndProject
Global
	GlobalSection(SolutionConfigurationPlatforms) = preSolution
		Debug|Any CPU = Debug|Any CPU
		Release|Any CPU = Release|Any CPU
	EndGlobalSection
	GlobalSection(ProjectConfigurationPlatforms) = postSolution
		{C1AE6B52-780C-47E1-9D1A-66FA9BB98A0B}.Debug|Any CPU.ActiveCfg = Debug|Any CPU
		{C1AE6B52-780C-47E1-9D1A-66FA9BB98A0B}.Debug|Any CPU.Build.0 = Debug|Any CPU
		{C1AE6B52-780C-47E1-9D1A-66FA9BB98A0B}.Release|Any CPU.ActiveCfg = Release|Any CPU
		{C1AE6B52-780C-47E1-9D1A-66FA9BB98A0B}.Release|Any CPU.Build.0 = Release|Any CPU
		{D387C50D-1B36-4EEB-A6F3-4ECAFD105FB7}.Debug|Any CPU.ActiveCfg = Debug|Any CPU
		{D387C50D-1B36-4EEB-A6F3-4ECAFD105FB7}.Debug|Any CPU.Build.0 = Debug|Any CPU
		{D387C50D-1B36-4EEB-A6F3-4ECAFD105FB7}.Debug|Any CPU.Deploy.0 = Debug|Any CPU
		{D387C50D-1B36-4EEB-A6F3-4ECAFD105FB7}.Release|Any CPU.ActiveCfg = Release|Any CPU
		{D387C50D-1B36-4EEB-A6F3-4ECAFD105FB7}.Release|Any CPU.Build.0 = Release|Any CPU
		{D387C50D-1B36-4EEB-A6F3-4ECAFD105FB7}.Release|Any CPU.Deploy.0 = Release|Any CPU
	EndGlobalSection
	GlobalSection(SolutionProperties) = preSolution
		HideSolutionNode = FALSE
	EndGlobalSection
	GlobalSection(ExtensibilityGlobals) = postSolution
		SolutionGuid = {68159ABA-A194-4C5A-B3D3-CBE42B3C0D2B}
	EndGlobalSection
EndGlobal
